{
  "version": 4,
  "terraform_version": "1.5.7",
  "serial": 87,
  "lineage": "e45ec0be-3941-22a1-bddd-371b4406eb32",
  "outputs": {
    "connect_data": {
      "value": [
        {
          "dns_record": [],
          "index": 0,
          "ip_address": "192.168.10.13",
          "ipv4": true,
          "ipv6": false,
          "ipv6_address": "",
          "ipv6_dns_record": [],
          "mac_address": "d0:0d:12:96:80:13",
          "nat": true,
          "nat_dns_record": [],
          "nat_ip_address": "158.160.15.197",
          "nat_ip_version": "IPV4",
          "security_group_ids": [],
          "subnet_id": "e2laqr53v3b3rr716nul"
        }
      ],
      "type": [
        "list",
        [
          "object",
          {
            "dns_record": [
              "list",
              [
                "object",
                {
                  "dns_zone_id": "string",
                  "fqdn": "string",
                  "ptr": "bool",
                  "ttl": "number"
                }
              ]
            ],
            "index": "number",
            "ip_address": "string",
            "ipv4": "bool",
            "ipv6": "bool",
            "ipv6_address": "string",
            "ipv6_dns_record": [
              "list",
              [
                "object",
                {
                  "dns_zone_id": "string",
                  "fqdn": "string",
                  "ptr": "bool",
                  "ttl": "number"
                }
              ]
            ],
            "mac_address": "string",
            "nat": "bool",
            "nat_dns_record": [
              "list",
              [
                "object",
                {
                  "dns_zone_id": "string",
                  "fqdn": "string",
                  "ptr": "bool",
                  "ttl": "number"
                }
              ]
            ],
            "nat_ip_address": "string",
            "nat_ip_version": "string",
            "security_group_ids": [
              "set",
              "string"
            ],
            "subnet_id": "string"
          }
        ]
      ]
    }
  },
  "resources": [
    {
      "mode": "managed",
      "type": "yandex_compute_disk",
      "name": "vulnbox-disk",
      "provider": "provider[\"registry.terraform.io/yandex-cloud/yandex\"]",
      "instances": [
        {
          "schema_version": 0,
          "attributes": {
            "allow_recreate": null,
            "block_size": 4096,
            "created_at": "2024-02-09T14:20:04Z",
            "description": "",
            "disk_placement_policy": [
              {
                "disk_placement_group_id": ""
              }
            ],
            "folder_id": "b1gv7sf217f0fv4di0vr",
            "id": "epdkht2l7rnn2u814f6g",
            "image_id": "fd8dfiq123s8j82s85il",
            "labels": null,
            "name": "vulnbox-disk",
            "product_ids": [
              "f2e8jk1vrff1jvac3kv2"
            ],
            "size": 40,
            "snapshot_id": "",
            "status": "ready",
            "timeouts": null,
            "type": "network-ssd",
            "zone": "ru-central1-b"
          },
          "sensitive_attributes": [],
          "private": "eyJlMmJmYjczMC1lY2FhLTExZTYtOGY4OC0zNDM2M2JjN2M0YzAiOnsiY3JlYXRlIjozMDAwMDAwMDAwMDAsImRlbGV0ZSI6MzAwMDAwMDAwMDAwLCJ1cGRhdGUiOjMwMDAwMDAwMDAwMH19"
        }
      ]
    },
    {
      "mode": "managed",
      "type": "yandex_compute_instance",
      "name": "ad-vulnbox",
      "provider": "provider[\"registry.terraform.io/yandex-cloud/yandex\"]",
      "instances": [
        {
          "schema_version": 1,
          "attributes": {
            "allow_recreate": null,
            "allow_stopping_for_update": null,
            "boot_disk": [
              {
                "auto_delete": true,
                "device_name": "epdkht2l7rnn2u814f6g",
                "disk_id": "epdkht2l7rnn2u814f6g",
                "initialize_params": [
                  {
                    "block_size": 4096,
                    "description": "",
                    "image_id": "fd8dfiq123s8j82s85il",
                    "name": "vulnbox-disk",
                    "size": 40,
                    "snapshot_id": "",
                    "type": "network-ssd"
                  }
                ],
                "mode": "READ_WRITE"
              }
            ],
            "created_at": "2024-02-09T14:21:13Z",
            "description": "",
            "filesystem": [],
            "folder_id": "b1gv7sf217f0fv4di0vr",
            "fqdn": "ad-vulnbox.ru-central1.internal",
            "gpu_cluster_id": "",
            "hostname": "ad-vulnbox",
            "id": "epdiiq0167g2mrgg40ei",
            "labels": null,
            "local_disk": [],
            "maintenance_grace_period": "",
            "maintenance_policy": null,
            "metadata": {
              "user-data": "#cloud-config\nusers:\n  - name: admin\n    groups: sudo\n    shell: /bin/bash\n    sudo: 'ALL=(ALL) NOPASSWD:ALL'\n    ssh-authorized-keys:\n        - ssh-rsa AAAAB3NzaC1yc2EAAAADAQABAAABgQCsVW0yvxgU8+sRkXgqFx+UdapbhD77mnrKD63L7i+HjcWkjYOM8Jpigyy1xzrk3K6fNlkF/NXj5UgCVJha6C/vzEOwdAO5U+MPkfQScBUraEMGw4lO3JOfASOlT0keNWvHUM8S3F7xenHzM4tTRTrZ/h7hveUCeow2YOXsXmB3b0YbNKiX1KOvn3TSuuzNf+hP9J6JGe42+aaYzB1ssdr+DpFUR9iQP+wHlF/3pME/piqJMrd6gBtKRZlK1ev+hV9sWOrst8ba/FuKuXrezGP02Rs8yICtaynu76hPPowkMvGnzsBHoP07EB3DszNw7KJChQ3Nv8/OH7lvX0G8szJeGPaCKm65m+Xdr1wIYlQR8iG0jLbES33eiO7Prk/Jd9FBQ1NPaNO1rGzGCpISgb9NUFO6buVhw1ek0er2Ap5Dn+g57tlq+N9AGySo6Sp8jgIDFfYZHKnZPpT/I1eo1so7w+NGcC1hX/Rsy5QYhwl2MAOc5XQIvM9DOvkHddtqmyE= ivanich@ivanich-laptop"
            },
            "metadata_options": [
              {
                "aws_v1_http_endpoint": 1,
                "aws_v1_http_token": 2,
                "gce_http_endpoint": 1,
                "gce_http_token": 1
              }
            ],
            "name": "ad-vulnbox",
            "network_acceleration_type": "standard",
            "network_interface": [
              {
                "dns_record": [],
                "index": 0,
                "ip_address": "192.168.10.13",
                "ipv4": true,
                "ipv6": false,
                "ipv6_address": "",
                "ipv6_dns_record": [],
                "mac_address": "d0:0d:12:96:80:13",
                "nat": true,
                "nat_dns_record": [],
                "nat_ip_address": "158.160.15.197",
                "nat_ip_version": "IPV4",
                "security_group_ids": [],
                "subnet_id": "e2laqr53v3b3rr716nul"
              }
            ],
            "placement_policy": [
              {
                "host_affinity_rules": [],
                "placement_group_id": "",
                "placement_group_partition": 0
              }
            ],
            "platform_id": "standard-v1",
            "resources": [
              {
                "core_fraction": 100,
                "cores": 2,
                "gpus": 0,
                "memory": 4
              }
            ],
            "scheduling_policy": [
              {
                "preemptible": false
              }
            ],
            "secondary_disk": [],
            "service_account_id": "",
            "status": "running",
            "timeouts": null,
            "zone": "ru-central1-b"
          },
          "sensitive_attributes": [],
          "private": "eyJlMmJmYjczMC1lY2FhLTExZTYtOGY4OC0zNDM2M2JjN2M0YzAiOnsiY3JlYXRlIjozMDAwMDAwMDAwMDAsImRlbGV0ZSI6MzAwMDAwMDAwMDAwLCJ1cGRhdGUiOjMwMDAwMDAwMDAwMH0sInNjaGVtYV92ZXJzaW9uIjoiMSJ9",
          "dependencies": [
            "yandex_compute_disk.vulnbox-disk",
            "yandex_vpc_network.yc-network",
            "yandex_vpc_subnet.yc-subnet-0"
          ]
        }
      ]
    },
    {
      "mode": "managed",
      "type": "yandex_vpc_network",
      "name": "yc-network",
      "provider": "provider[\"registry.terraform.io/yandex-cloud/yandex\"]",
      "instances": [
        {
          "schema_version": 0,
          "attributes": {
            "created_at": "2024-02-09T14:20:04Z",
            "default_security_group_id": "enp7d3benso7ocj07nns",
            "description": "",
            "folder_id": "b1gv7sf217f0fv4di0vr",
            "id": "enp8hd1cn3pni335bkd8",
            "labels": {},
            "name": "vylnbox-network",
            "subnet_ids": [],
            "timeouts": null
          },
          "sensitive_attributes": [],
          "private": "eyJlMmJmYjczMC1lY2FhLTExZTYtOGY4OC0zNDM2M2JjN2M0YzAiOnsiY3JlYXRlIjo2MDAwMDAwMDAwMCwiZGVsZXRlIjo2MDAwMDAwMDAwMCwidXBkYXRlIjo2MDAwMDAwMDAwMH19"
        }
      ]
    },
    {
      "mode": "managed",
      "type": "yandex_vpc_subnet",
      "name": "yc-subnet-0",
      "provider": "provider[\"registry.terraform.io/yandex-cloud/yandex\"]",
      "instances": [
        {
          "schema_version": 0,
          "attributes": {
            "created_at": "2024-02-09T14:20:05Z",
            "description": "",
            "dhcp_options": [],
            "folder_id": "b1gv7sf217f0fv4di0vr",
            "id": "e2laqr53v3b3rr716nul",
            "labels": {},
            "name": "yc-auto-subnet-0",
            "network_id": "enp8hd1cn3pni335bkd8",
            "route_table_id": "",
            "timeouts": null,
            "v4_cidr_blocks": [
              "192.168.10.0/24"
            ],
            "v6_cidr_blocks": [],
            "zone": "ru-central1-b"
          },
          "sensitive_attributes": [],
          "private": "eyJlMmJmYjczMC1lY2FhLTExZTYtOGY4OC0zNDM2M2JjN2M0YzAiOnsiY3JlYXRlIjoxODAwMDAwMDAwMDAsImRlbGV0ZSI6MTgwMDAwMDAwMDAwLCJ1cGRhdGUiOjE4MDAwMDAwMDAwMH19",
          "dependencies": [
            "yandex_vpc_network.yc-network"
          ]
        }
      ]
    }
  ],
  "check_results": null
}
