{
  "version": 4,
  "terraform_version": "1.5.7",
  "serial": 102,
  "lineage": "e45ec0be-3941-22a1-bddd-371b4406eb32",
  "outputs": {},
  "resources": [
    {
      "mode": "managed",
      "type": "yandex_compute_disk",
      "name": "vulnbox-disk",
      "provider": "provider[\"registry.terraform.io/yandex-cloud/yandex\"]",
      "instances": [
        {
          "schema_version": 0,
          "attributes": {
            "allow_recreate": null,
            "block_size": 4096,
            "created_at": "2024-02-12T08:22:17Z",
            "description": "",
            "disk_placement_policy": [
              {
                "disk_placement_group_id": ""
              }
            ],
            "folder_id": "b1gv7sf217f0fv4di0vr",
            "id": "epddbqa49dn1jps134r7",
            "image_id": "fd8dfiq123s8j82s85il",
            "labels": null,
            "name": "vulnbox-disk",
            "product_ids": [
              "f2e8jk1vrff1jvac3kv2"
            ],
            "size": 40,
            "snapshot_id": "",
            "status": "ready",
            "timeouts": null,
            "type": "network-ssd",
            "zone": "ru-central1-b"
          },
          "sensitive_attributes": [],
          "private": "eyJlMmJmYjczMC1lY2FhLTExZTYtOGY4OC0zNDM2M2JjN2M0YzAiOnsiY3JlYXRlIjozMDAwMDAwMDAwMDAsImRlbGV0ZSI6MzAwMDAwMDAwMDAwLCJ1cGRhdGUiOjMwMDAwMDAwMDAwMH19"
        }
      ]
    },
    {
      "mode": "managed",
      "type": "yandex_compute_instance",
      "name": "ad-vulnbox",
      "provider": "provider[\"registry.terraform.io/yandex-cloud/yandex\"]",
      "instances": [
        {
          "status": "tainted",
          "schema_version": 1,
          "attributes": {
            "allow_recreate": null,
            "allow_stopping_for_update": null,
            "boot_disk": [
              {
                "auto_delete": true,
                "device_name": "",
                "disk_id": "epddbqa49dn1jps134r7",
                "initialize_params": [],
                "mode": ""
              }
            ],
            "created_at": null,
            "description": null,
            "filesystem": [],
            "folder_id": null,
            "fqdn": null,
            "gpu_cluster_id": null,
            "hostname": "ad-vulnbox",
            "id": "epdklfkti3sktipialm2",
            "labels": null,
            "local_disk": [],
            "maintenance_grace_period": null,
            "maintenance_policy": null,
            "metadata": {
              "user-data": "#cloud-config\nusers:\n  - name: admin\n    groups: sudo\n    shell: /bin/bash\n    sudo: 'ALL=(ALL) NOPASSWD:ALL'\n    ssh-authorized-keys:\n        - ssh-rsa AAAAB3NzaC1yc2EAAAADAQABAAABgQCsVW0yvxgU8+sRkXgqFx+UdapbhD77mnrKD63L7i+HjcWkjYOM8Jpigyy1xzrk3K6fNlkF/NXj5UgCVJha6C/vzEOwdAO5U+MPkfQScBUraEMGw4lO3JOfASOlT0keNWvHUM8S3F7xenHzM4tTRTrZ/h7hveUCeow2YOXsXmB3b0YbNKiX1KOvn3TSuuzNf+hP9J6JGe42+aaYzB1ssdr+DpFUR9iQP+wHlF/3pME/piqJMrd6gBtKRZlK1ev+hV9sWOrst8ba/FuKuXrezGP02Rs8yICtaynu76hPPowkMvGnzsBHoP07EB3DszNw7KJChQ3Nv8/OH7lvX0G8szJeGPaCKm65m+Xdr1wIYlQR8iG0jLbES33eiO7Prk/Jd9FBQ1NPaNO1rGzGCpISgb9NUFO6buVhw1ek0er2Ap5Dn+g57tlq+N9AGySo6Sp8jgIDFfYZHKnZPpT/I1eo1so7w+NGcC1hX/Rsy5QYhwl2MAOc5XQIvM9DOvkHddtqmyE= ivanich@ivanich-laptop"
            },
            "metadata_options": null,
            "name": "ad-vulnbox",
            "network_acceleration_type": "standard",
            "network_interface": [
              {
                "dns_record": [],
                "index": 0,
                "ip_address": "",
                "ipv4": true,
                "ipv6": false,
                "ipv6_address": "",
                "ipv6_dns_record": [],
                "mac_address": "",
                "nat": true,
                "nat_dns_record": [],
                "nat_ip_address": "",
                "nat_ip_version": "",
                "security_group_ids": [],
                "subnet_id": "e2l7ja8ntdnn33tcsq52"
              }
            ],
            "placement_policy": null,
            "platform_id": "standard-v1",
            "resources": [
              {
                "core_fraction": 100,
                "cores": 2,
                "gpus": 0,
                "memory": 4
              }
            ],
            "scheduling_policy": [
              {
                "preemptible": false
              }
            ],
            "secondary_disk": [],
            "service_account_id": null,
            "status": null,
            "timeouts": null,
            "zone": "ru-central1-b"
          },
          "sensitive_attributes": [],
          "private": "eyJlMmJmYjczMC1lY2FhLTExZTYtOGY4OC0zNDM2M2JjN2M0YzAiOnsiY3JlYXRlIjozMDAwMDAwMDAwMDAsImRlbGV0ZSI6MzAwMDAwMDAwMDAwLCJ1cGRhdGUiOjMwMDAwMDAwMDAwMH0sInNjaGVtYV92ZXJzaW9uIjoiMSJ9",
          "dependencies": [
            "yandex_compute_disk.vulnbox-disk",
            "yandex_vpc_network.yc-network",
            "yandex_vpc_subnet.yc-subnet-0"
          ]
        }
      ]
    },
    {
      "mode": "managed",
      "type": "yandex_vpc_network",
      "name": "yc-network",
      "provider": "provider[\"registry.terraform.io/yandex-cloud/yandex\"]",
      "instances": [
        {
          "schema_version": 0,
          "attributes": {
            "created_at": "2024-02-12T08:22:17Z",
            "default_security_group_id": "enpk4nmln5f3jc1ppod3",
            "description": "",
            "folder_id": "b1gv7sf217f0fv4di0vr",
            "id": "enppk61fesd85j2ctmt1",
            "labels": {},
            "name": "vulnbox-network",
            "subnet_ids": [],
            "timeouts": null
          },
          "sensitive_attributes": [],
          "private": "eyJlMmJmYjczMC1lY2FhLTExZTYtOGY4OC0zNDM2M2JjN2M0YzAiOnsiY3JlYXRlIjo2MDAwMDAwMDAwMCwiZGVsZXRlIjo2MDAwMDAwMDAwMCwidXBkYXRlIjo2MDAwMDAwMDAwMH19"
        }
      ]
    },
    {
      "mode": "managed",
      "type": "yandex_vpc_subnet",
      "name": "yc-subnet-0",
      "provider": "provider[\"registry.terraform.io/yandex-cloud/yandex\"]",
      "instances": [
        {
          "schema_version": 0,
          "attributes": {
            "created_at": "2024-02-12T08:22:20Z",
            "description": "",
            "dhcp_options": [],
            "folder_id": "b1gv7sf217f0fv4di0vr",
            "id": "e2l7ja8ntdnn33tcsq52",
            "labels": {},
            "name": "yc-auto-subnet-0",
            "network_id": "enppk61fesd85j2ctmt1",
            "route_table_id": "",
            "timeouts": null,
            "v4_cidr_blocks": [
              "192.168.10.0/24"
            ],
            "v6_cidr_blocks": [],
            "zone": "ru-central1-b"
          },
          "sensitive_attributes": [],
          "private": "eyJlMmJmYjczMC1lY2FhLTExZTYtOGY4OC0zNDM2M2JjN2M0YzAiOnsiY3JlYXRlIjoxODAwMDAwMDAwMDAsImRlbGV0ZSI6MTgwMDAwMDAwMDAwLCJ1cGRhdGUiOjE4MDAwMDAwMDAwMH19",
          "dependencies": [
            "yandex_vpc_network.yc-network"
          ]
        }
      ]
    }
  ],
  "check_results": null
}
